
Microsoft Visual Studio Solution File, Format Version 12.00
# Visual Studio Version 17
VisualStudioVersion = 17.7.34202.233
MinimumVisualStudioVersion = 10.0.40219.1
Project("{FAE04EC0-301F-11D3-BF4B-00C04F79EFBC}") = "MinimalApiMeli", "MinimalApiMeli\MinimalApiMeli.csproj", "{F75F8FD5-812F-4453-B646-A8DC9F9DA10F}"
EndProject
Global
	GlobalSection(SolutionConfigurationPlatforms) = preSolution
		Debug|Any CPU = Debug|Any CPU
		Release|Any CPU = Release|Any CPU
	EndGlobalSection
	GlobalSection(ProjectConfigurationPlatforms) = postSolution
		{F75F8FD5-812F-4453-B646-A8DC9F9DA10F}.Debug|Any CPU.ActiveCfg = Debug|Any CPU
		{F75F8FD5-812F-4453-B646-A8DC9F9DA10F}.Debug|Any CPU.Build.0 = Debug|Any CPU
		{F75F8FD5-812F-4453-B646-A8DC9F9DA10F}.Release|Any CPU.ActiveCfg = Release|Any CPU
		{F75F8FD5-812F-4453-B646-A8DC9F9DA10F}.Release|Any CPU.Build.0 = Release|Any CPU
	EndGlobalSection
	GlobalSection(SolutionProperties) = preSolution
		HideSolutionNode = FALSE
	EndGlobalSection
	GlobalSection(ExtensibilityGlobals) = postSolution
		SolutionGuid = {A90A074B-6CEF-443C-AA59-ED417B1859CA}
	EndGlobalSection
EndGlobal
